
Microsoft Visual Studio Solution File, Format Version 12.00
# Visual Studio Version 17
VisualStudioVersion = 17.6.33717.318
MinimumVisualStudioVersion = 10.0.40219.1
Project("{8BC9CEB8-8B4A-11D0-8D11-00A0C91BC942}") = "Box", "Box\Box.vcxproj", "{79D09779-3B14-49B8-A48F-3DB9BF7B39F7}"
EndProject
Project("{8BC9CEB8-8B4A-11D0-8D11-00A0C91BC942}") = "Hills", "Hills\Hills.vcxproj", "{D71253B4-7AA3-496A-84D0-4F3D3301BB8B}"
EndProject
Project("{8BC9CEB8-8B4A-11D0-8D11-00A0C91BC942}") = "Shapes", "Shapes\Shapes.vcxproj", "{0FFD8C5E-E4F9-4B4A-BB0A-B41FB5031C24}"
EndProject
Project("{8BC9CEB8-8B4A-11D0-8D11-00A0C91BC942}") = "Skull", "Skull\Skull.vcxproj", "{86EDDA6A-0B93-43A3-B680-4FAB5292F1FE}"
EndProject
Project("{8BC9CEB8-8B4A-11D0-8D11-00A0C91BC942}") = "Waves", "Waves\Waves.vcxproj", "{64B61372-AAE0-47F3-B639-D8482B234388}"
EndProject
Project("{8BC9CEB8-8B4A-11D0-8D11-00A0C91BC942}") = "ColoredBox", "ColoredBox\ColoredBox.vcxproj", "{A96050F0-DEFF-4C43-9419-23DD169BDA98}"
EndProject
Global
	GlobalSection(SolutionConfigurationPlatforms) = preSolution
		Debug|x64 = Debug|x64
		Debug|x86 = Debug|x86
		Release|x64 = Release|x64
		Release|x86 = Release|x86
	EndGlobalSection
	GlobalSection(ProjectConfigurationPlatforms) = postSolution
		{79D09779-3B14-49B8-A48F-3DB9BF7B39F7}.Debug|x64.ActiveCfg = Debug|x64
		{79D09779-3B14-49B8-A48F-3DB9BF7B39F7}.Debug|x64.Build.0 = Debug|x64
		{79D09779-3B14-49B8-A48F-3DB9BF7B39F7}.Debug|x86.ActiveCfg = Debug|Win32
		{79D09779-3B14-49B8-A48F-3DB9BF7B39F7}.Debug|x86.Build.0 = Debug|Win32
		{79D09779-3B14-49B8-A48F-3DB9BF7B39F7}.Release|x64.ActiveCfg = Release|x64
		{79D09779-3B14-49B8-A48F-3DB9BF7B39F7}.Release|x64.Build.0 = Release|x64
		{79D09779-3B14-49B8-A48F-3DB9BF7B39F7}.Release|x86.ActiveCfg = Release|Win32
		{79D09779-3B14-49B8-A48F-3DB9BF7B39F7}.Release|x86.Build.0 = Release|Win32
		{D71253B4-7AA3-496A-84D0-4F3D3301BB8B}.Debug|x64.ActiveCfg = Debug|x64
		{D71253B4-7AA3-496A-84D0-4F3D3301BB8B}.Debug|x64.Build.0 = Debug|x64
		{D71253B4-7AA3-496A-84D0-4F3D3301BB8B}.Debug|x86.ActiveCfg = Debug|Win32
		{D71253B4-7AA3-496A-84D0-4F3D3301BB8B}.Debug|x86.Build.0 = Debug|Win32
		{D71253B4-7AA3-496A-84D0-4F3D3301BB8B}.Release|x64.ActiveCfg = Release|x64
		{D71253B4-7AA3-496A-84D0-4F3D3301BB8B}.Release|x64.Build.0 = Release|x64
		{D71253B4-7AA3-496A-84D0-4F3D3301BB8B}.Release|x86.ActiveCfg = Release|Win32
		{D71253B4-7AA3-496A-84D0-4F3D3301BB8B}.Release|x86.Build.0 = Release|Win32
		{0FFD8C5E-E4F9-4B4A-BB0A-B41FB5031C24}.Debug|x64.ActiveCfg = Debug|x64
		{0FFD8C5E-E4F9-4B4A-BB0A-B41FB5031C24}.Debug|x64.Build.0 = Debug|x64
		{0FFD8C5E-E4F9-4B4A-BB0A-B41FB5031C24}.Debug|x86.ActiveCfg = Debug|Win32
		{0FFD8C5E-E4F9-4B4A-BB0A-B41FB5031C24}.Debug|x86.Build.0 = Debug|Win32
		{0FFD8C5E-E4F9-4B4A-BB0A-B41FB5031C24}.Release|x64.ActiveCfg = Release|x64
		{0FFD8C5E-E4F9-4B4A-BB0A-B41FB5031C24}.Release|x64.Build.0 = Release|x64
		{0FFD8C5E-E4F9-4B4A-BB0A-B41FB5031C24}.Release|x86.ActiveCfg = Release|Win32
		{0FFD8C5E-E4F9-4B4A-BB0A-B41FB5031C24}.Release|x86.Build.0 = Release|Win32
		{86EDDA6A-0B93-43A3-B680-4FAB5292F1FE}.Debug|x64.ActiveCfg = Debug|x64
		{86EDDA6A-0B93-43A3-B680-4FAB5292F1FE}.Debug|x64.Build.0 = Debug|x64
		{86EDDA6A-0B93-43A3-B680-4FAB5292F1FE}.Debug|x86.ActiveCfg = Debug|Win32
		{86EDDA6A-0B93-43A3-B680-4FAB5292F1FE}.Debug|x86.Build.0 = Debug|Win32
		{86EDDA6A-0B93-43A3-B680-4FAB5292F1FE}.Release|x64.ActiveCfg = Release|x64
		{86EDDA6A-0B93-43A3-B680-4FAB5292F1FE}.Release|x64.Build.0 = Release|x64
		{86EDDA6A-0B93-43A3-B680-4FAB5292F1FE}.Release|x86.ActiveCfg = Release|Win32
		{86EDDA6A-0B93-43A3-B680-4FAB5292F1FE}.Release|x86.Build.0 = Release|Win32
		{64B61372-AAE0-47F3-B639-D8482B234388}.Debug|x64.ActiveCfg = Debug|x64
		{64B61372-AAE0-47F3-B639-D8482B234388}.Debug|x64.Build.0 = Debug|x64
		{64B61372-AAE0-47F3-B639-D8482B234388}.Debug|x86.ActiveCfg = Debug|Win32
		{64B61372-AAE0-47F3-B639-D8482B234388}.Debug|x86.Build.0 = Debug|Win32
		{64B61372-AAE0-47F3-B639-D8482B234388}.Release|x64.ActiveCfg = Release|x64
		{64B61372-AAE0-47F3-B639-D8482B234388}.Release|x64.Build.0 = Release|x64
		{64B61372-AAE0-47F3-B639-D8482B234388}.Release|x86.ActiveCfg = Release|Win32
		{64B61372-AAE0-47F3-B639-D8482B234388}.Release|x86.Build.0 = Release|Win32
		{A96050F0-DEFF-4C43-9419-23DD169BDA98}.Debug|x64.ActiveCfg = Debug|x64
		{A96050F0-DEFF-4C43-9419-23DD169BDA98}.Debug|x64.Build.0 = Debug|x64
		{A96050F0-DEFF-4C43-9419-23DD169BDA98}.Debug|x86.ActiveCfg = Debug|Win32
		{A96050F0-DEFF-4C43-9419-23DD169BDA98}.Debug|x86.Build.0 = Debug|Win32
		{A96050F0-DEFF-4C43-9419-23DD169BDA98}.Release|x64.ActiveCfg = Release|x64
		{A96050F0-DEFF-4C43-9419-23DD169BDA98}.Release|x64.Build.0 = Release|x64
		{A96050F0-DEFF-4C43-9419-23DD169BDA98}.Release|x86.ActiveCfg = Release|Win32
		{A96050F0-DEFF-4C43-9419-23DD169BDA98}.Release|x86.Build.0 = Release|Win32
	EndGlobalSection
	GlobalSection(SolutionProperties) = preSolution
		HideSolutionNode = FALSE
	EndGlobalSection
	GlobalSection(ExtensibilityGlobals) = postSolution
		SolutionGuid = {4B1A00FA-6808-4204-8EF0-3E0840A77D40}
	EndGlobalSection
EndGlobal
